
Microsoft Visual Studio Solution File, Format Version 12.00
# Visual Studio Version 17
VisualStudioVersion = 17.2.32616.157
MinimumVisualStudioVersion = 10.0.40219.1
Project("{FAE04EC0-301F-11D3-BF4B-00C04F79EFBC}") = "Dev.SistemaRH.API", "Dev.SistemaRH.API\Dev.SistemaRH.API.csproj", "{6196416A-B2EA-4717-956C-0CF5FD068DA4}"
EndProject
Project("{FAE04EC0-301F-11D3-BF4B-00C04F79EFBC}") = "Dev.SistemaRH.Data", "Dev.SistemaRH.Data\Dev.SistemaRH.Data.csproj", "{FD5E8913-B3A1-411A-8E1F-BCD40FDE091A}"
EndProject
Global
	GlobalSection(SolutionConfigurationPlatforms) = preSolution
		Debug|Any CPU = Debug|Any CPU
		Release|Any CPU = Release|Any CPU
	EndGlobalSection
	GlobalSection(ProjectConfigurationPlatforms) = postSolution
		{6196416A-B2EA-4717-956C-0CF5FD068DA4}.Debug|Any CPU.ActiveCfg = Debug|Any CPU
		{6196416A-B2EA-4717-956C-0CF5FD068DA4}.Debug|Any CPU.Build.0 = Debug|Any CPU
		{6196416A-B2EA-4717-956C-0CF5FD068DA4}.Release|Any CPU.ActiveCfg = Release|Any CPU
		{6196416A-B2EA-4717-956C-0CF5FD068DA4}.Release|Any CPU.Build.0 = Release|Any CPU
		{FD5E8913-B3A1-411A-8E1F-BCD40FDE091A}.Debug|Any CPU.ActiveCfg = Debug|Any CPU
		{FD5E8913-B3A1-411A-8E1F-BCD40FDE091A}.Debug|Any CPU.Build.0 = Debug|Any CPU
		{FD5E8913-B3A1-411A-8E1F-BCD40FDE091A}.Release|Any CPU.ActiveCfg = Release|Any CPU
		{FD5E8913-B3A1-411A-8E1F-BCD40FDE091A}.Release|Any CPU.Build.0 = Release|Any CPU
	EndGlobalSection
	GlobalSection(SolutionProperties) = preSolution
		HideSolutionNode = FALSE
	EndGlobalSection
	GlobalSection(ExtensibilityGlobals) = postSolution
		SolutionGuid = {44D5E92A-BC65-4062-A06A-B2BDB83F3064}
	EndGlobalSection
EndGlobal
